
Microsoft Visual Studio Solution File, Format Version 12.00
# Visual Studio Version 17
VisualStudioVersion = 17.4.33110.190
MinimumVisualStudioVersion = 10.0.40219.1
Project("{FAE04EC0-301F-11D3-BF4B-00C04F79EFBC}") = "TEST", "TEST\TEST.csproj", "{51931F32-90F9-4BCF-A987-54B09580DFCA}"
EndProject
Global
	GlobalSection(SolutionConfigurationPlatforms) = preSolution
		Debug|Any CPU = Debug|Any CPU
		Release|Any CPU = Release|Any CPU
	EndGlobalSection
	GlobalSection(ProjectConfigurationPlatforms) = postSolution
		{51931F32-90F9-4BCF-A987-54B09580DFCA}.Debug|Any CPU.ActiveCfg = Debug|Any CPU
		{51931F32-90F9-4BCF-A987-54B09580DFCA}.Debug|Any CPU.Build.0 = Debug|Any CPU
		{51931F32-90F9-4BCF-A987-54B09580DFCA}.Release|Any CPU.ActiveCfg = Release|Any CPU
		{51931F32-90F9-4BCF-A987-54B09580DFCA}.Release|Any CPU.Build.0 = Release|Any CPU
	EndGlobalSection
	GlobalSection(SolutionProperties) = preSolution
		HideSolutionNode = FALSE
	EndGlobalSection
	GlobalSection(ExtensibilityGlobals) = postSolution
		SolutionGuid = {75039D91-58BE-4744-A3BE-0C9850CA6BE4}
	EndGlobalSection
EndGlobal
